
Microsoft Visual Studio Solution File, Format Version 12.00
# Visual Studio Version 16
VisualStudioVersion = 16.0.29318.209
MinimumVisualStudioVersion = 10.0.40219.1
Project("{9A19103F-16F7-4668-BE54-9A1E7A4F7556}") = "Ookii.FormatC", "Ookii.FormatC\Ookii.FormatC.csproj", "{298F0AB3-7182-4679-89C9-3CDCA08D60D4}"
EndProject
Project("{FAE04EC0-301F-11D3-BF4B-00C04F79EFBC}") = "Ookii.FormatC.Tests", "Ookii.FormatC.Tests\Ookii.FormatC.Tests.csproj", "{36F24D14-162E-4BCC-91F7-066818C08716}"
EndProject
Project("{2150E333-8FDC-42A3-9474-1A3956D46DE8}") = "Solution Items", "Solution Items", "{E6108E20-5AD7-4C9D-821F-E2102485CC2F}"
	ProjectSection(SolutionItems) = preProject
		license.txt = license.txt
		README.md = README.md
	EndProjectSection
EndProject
Global
	GlobalSection(SolutionConfigurationPlatforms) = preSolution
		Debug|Any CPU = Debug|Any CPU
		Release|Any CPU = Release|Any CPU
	EndGlobalSection
	GlobalSection(ProjectConfigurationPlatforms) = postSolution
		{298F0AB3-7182-4679-89C9-3CDCA08D60D4}.Debug|Any CPU.ActiveCfg = Debug|Any CPU
		{298F0AB3-7182-4679-89C9-3CDCA08D60D4}.Debug|Any CPU.Build.0 = Debug|Any CPU
		{298F0AB3-7182-4679-89C9-3CDCA08D60D4}.Release|Any CPU.ActiveCfg = Release|Any CPU
		{298F0AB3-7182-4679-89C9-3CDCA08D60D4}.Release|Any CPU.Build.0 = Release|Any CPU
		{36F24D14-162E-4BCC-91F7-066818C08716}.Debug|Any CPU.ActiveCfg = Debug|Any CPU
		{36F24D14-162E-4BCC-91F7-066818C08716}.Debug|Any CPU.Build.0 = Debug|Any CPU
		{36F24D14-162E-4BCC-91F7-066818C08716}.Release|Any CPU.ActiveCfg = Release|Any CPU
		{36F24D14-162E-4BCC-91F7-066818C08716}.Release|Any CPU.Build.0 = Release|Any CPU
	EndGlobalSection
	GlobalSection(SolutionProperties) = preSolution
		HideSolutionNode = FALSE
	EndGlobalSection
	GlobalSection(ExtensibilityGlobals) = postSolution
		SolutionGuid = {F4F9194C-865C-4689-A471-03FEDC55C1D2}
	EndGlobalSection
EndGlobal
